{
  "name": "TanStack",
  "lockfileVersion": 3,
  "requires": true,
  "packages": {
    "": {
      "dependencies": {
        "@tanstack/react-router": "^1.170.17"
      }
    },
    "node_modules/@tanstack/history": {
      "version": "1.162.0",
      "resolved": "https://registry.npmjs.org/@tanstack/history/-/history-1.162.0.tgz",
      "integrity": "sha512-79pf/RkhteYZTRgcR4F9kbk84P2N8rugQJswxfIqovlbRiT3yI7eBE+5QorIrZaOKktsgzRlXh1l/du/xpl4iA==",
      "license": "MIT",
      "engines": {
        "node": ">=20.19"
      },
      "funding": {
        "type": "github",
        "url": "https://github.com/sponsors/tannerlinsley"
      }
    },
    "node_modules/@tanstack/react-router": {
      "version": "1.170.17",
      "resolved": "https://registry.npmjs.org/@tanstack/react-router/-/react-router-1.170.17.tgz",
      "integrity": "sha512-ppLkjCfSMaeug9rmFRYzOd4TIqWV+yTE7tzIny7alJsSnM7w4lzEZm6eqCehG0SPetpZ0R3K+UnanSmBgOAVcQ==",
      "license": "MIT",
      "dependencies": {
        "@tanstack/history": "1.162.0",
        "@tanstack/react-store": "^0.9.3",
        "@tanstack/router-core": "1.171.14",
        "isbot": "^5.1.22"
      },
      "engines": {
        "node": ">=20.19"
      },
      "funding": {
        "type": "github",
        "url": "https://github.com/sponsors/tannerlinsley"
      },
      "peerDependencies": {
        "react": ">=18.0.0 || >=19.0.0",
        "react-dom": ">=18.0.0 || >=19.0.0"
      }
    },
    "node_modules/@tanstack/react-store": {
      "version": "0.9.3",
      "resolved": "https://registry.npmjs.org/@tanstack/react-store/-/react-store-0.9.3.tgz",
      "integrity": "sha512-y2iHd/N9OkoQbFJLUX1T9vbc2O9tjH0pQRgTcx1/Nz4IlwLvkgpuglXUx+mXt0g5ZDFrEeDnONPqkbfxXJKwRg==",
      "license": "MIT",
      "dependencies": {
        "@tanstack/store": "0.9.3",
        "use-sync-external-store": "^1.6.0"
      },
      "funding": {
        "type": "github",
        "url": "https://github.com/sponsors/tannerlinsley"
      },
      "peerDependencies": {
        "react": "^16.8.0 || ^17.0.0 || ^18.0.0 || ^19.0.0",
        "react-dom": "^16.8.0 || ^17.0.0 || ^18.0.0 || ^19.0.0"
      }
    },
    "node_modules/@tanstack/router-core": {
      "version": "1.171.14",
      "resolved": "https://registry.npmjs.org/@tanstack/router-core/-/router-core-1.171.14.tgz",
      "integrity": "sha512-Mo3hwx0qB0cJsVYGDjG0+Ouf7VV74h/vsoDMGztdlyzDanp4gBA2s7IVvm6hFrmQM6GpD9F0Z7SqD7OldfLE7g==",
      "license": "MIT",
      "dependencies": {
        "@tanstack/history": "1.162.0",
        "cookie-es": "^3.0.0",
        "seroval": "^1.5.4",
        "seroval-plugins": "^1.5.4"
      },
      "engines": {
        "node": ">=20.19"
      },
      "funding": {
        "type": "github",
        "url": "https://github.com/sponsors/tannerlinsley"
      }
    },
    "node_modules/@tanstack/store": {
      "version": "0.9.3",
      "resolved": "https://registry.npmjs.org/@tanstack/store/-/store-0.9.3.tgz",
      "integrity": "sha512-8reSzl/qGWGGVKhBoxXPMWzATSbZLZFWhwBAFO9NAyp0TxzfBP0mIrGb8CP8KrQTmvzXlR/vFPPUrHTLBGyFyw==",
      "license": "MIT",
      "funding": {
        "type": "github",
        "url": "https://github.com/sponsors/tannerlinsley"
      }
    },
    "node_modules/cookie-es": {
      "version": "3.1.1",
      "resolved": "https://registry.npmjs.org/cookie-es/-/cookie-es-3.1.1.tgz",
      "integrity": "sha512-UaXxwISYJPTr9hwQxMFYZ7kNhSXboMXP+Z3TRX6f1/NyaGPfuNUZOWP1pUEb75B2HjfklIYLVRfWiFZJyC6Npg==",
      "license": "MIT"
    },
    "node_modules/isbot": {
      "version": "5.2.0",
      "resolved": "https://registry.npmjs.org/isbot/-/isbot-5.2.0.tgz",
      "integrity": "sha512-gbZiGCb4B5xaoxg9mS7koAyRdvJnArk10VLSHOgz6rtBG93/pi1xOFaVvXMKZ7JXgyZ8zAbNRK5uIBdIUTFSqw==",
      "license": "Unlicense",
      "engines": {
        "node": ">=18"
      }
    },
    "node_modules/seroval": {
      "version": "1.5.5",
      "resolved": "https://registry.npmjs.org/seroval/-/seroval-1.5.5.tgz",
      "integrity": "sha512-bSjOuPcwPKLSJNhr9+bZxA20nQxVle5J5MNsYRVE6cIg7KpRLXGupymePavu0jrxlPiPsr4xGZSB8yUY2sH2sw==",
      "license": "MIT",
      "engines": {
        "node": ">=10"
      }
    },
    "node_modules/seroval-plugins": {
      "version": "1.5.5",
      "resolved": "https://registry.npmjs.org/seroval-plugins/-/seroval-plugins-1.5.5.tgz",
      "integrity": "sha512-+BDhqYM6CEn3x09v44dpa9p6974FuUB2dxk+Ctn04k0cO1Zt6QODTXfmEZK0eBaTe/fJBvP4NMGuNJ+R8T+QMg==",
      "license": "MIT",
      "engines": {
        "node": ">=10"
      },
      "peerDependencies": {
        "seroval": "^1.0"
      }
    },
    "node_modules/use-sync-external-store": {
      "version": "1.6.0",
      "resolved": "https://registry.npmjs.org/use-sync-external-store/-/use-sync-external-store-1.6.0.tgz",
      "integrity": "sha512-Pp6GSwGP/NrPIrxVFAIkOQeyw8lFenOHijQWkUTrDvrF4ALqylP2C/KCkeS9dpUM3KvYRQhna5vt7IL95+ZQ9w==",
      "license": "MIT",
      "peerDependencies": {
        "react": "^16.8.0 || ^17.0.0 || ^18.0.0 || ^19.0.0"
      }
    }
  }
}
